
Microsoft Visual Studio Solution File, Format Version 12.00
# Visual Studio Version 16
VisualStudioVersion = 16.0.29709.97
MinimumVisualStudioVersion = 10.0.40219.1
Project("{FAE04EC0-301F-11D3-BF4B-00C04F79EFBC}") = "MusicBrowser", "MusicBrowser\MusicBrowser.csproj", "{C8F16CBB-6F92-4B14-B5BC-CF6F854A58B4}"
EndProject
Project("{FAE04EC0-301F-11D3-BF4B-00C04F79EFBC}") = "appLogic", "appLogic\appLogic.csproj", "{4A868A0E-0FF3-4703-95C2-B71BBBAE5255}"
EndProject
Project("{9A19103F-16F7-4668-BE54-9A1E7A4F7556}") = "appXUnitTests", "appXUnitTests\appXUnitTests.csproj", "{140F3B1D-B538-42B6-95B8-BC7A8DBC9388}"
EndProject
Project("{FAE04EC0-301F-11D3-BF4B-00C04F79EFBC}") = "MusicBrowserLogic", "MusicBrowserLogic\MusicBrowserLogic.csproj", "{FCC57868-1454-4F1A-B4DE-DB961BF90932}"
EndProject
Global
	GlobalSection(SolutionConfigurationPlatforms) = preSolution
		Debug|Any CPU = Debug|Any CPU
		Debug|ARM = Debug|ARM
		Debug|ARM64 = Debug|ARM64
		Debug|x64 = Debug|x64
		Debug|x86 = Debug|x86
		Release|Any CPU = Release|Any CPU
		Release|ARM = Release|ARM
		Release|ARM64 = Release|ARM64
		Release|x64 = Release|x64
		Release|x86 = Release|x86
	EndGlobalSection
	GlobalSection(ProjectConfigurationPlatforms) = postSolution
		{C8F16CBB-6F92-4B14-B5BC-CF6F854A58B4}.Debug|Any CPU.ActiveCfg = Debug|x86
		{C8F16CBB-6F92-4B14-B5BC-CF6F854A58B4}.Debug|ARM.ActiveCfg = Debug|ARM
		{C8F16CBB-6F92-4B14-B5BC-CF6F854A58B4}.Debug|ARM.Build.0 = Debug|ARM
		{C8F16CBB-6F92-4B14-B5BC-CF6F854A58B4}.Debug|ARM.Deploy.0 = Debug|ARM
		{C8F16CBB-6F92-4B14-B5BC-CF6F854A58B4}.Debug|ARM64.ActiveCfg = Debug|ARM64
		{C8F16CBB-6F92-4B14-B5BC-CF6F854A58B4}.Debug|ARM64.Build.0 = Debug|ARM64
		{C8F16CBB-6F92-4B14-B5BC-CF6F854A58B4}.Debug|ARM64.Deploy.0 = Debug|ARM64
		{C8F16CBB-6F92-4B14-B5BC-CF6F854A58B4}.Debug|x64.ActiveCfg = Debug|x64
		{C8F16CBB-6F92-4B14-B5BC-CF6F854A58B4}.Debug|x64.Build.0 = Debug|x64
		{C8F16CBB-6F92-4B14-B5BC-CF6F854A58B4}.Debug|x64.Deploy.0 = Debug|x64
		{C8F16CBB-6F92-4B14-B5BC-CF6F854A58B4}.Debug|x86.ActiveCfg = Debug|x86
		{C8F16CBB-6F92-4B14-B5BC-CF6F854A58B4}.Debug|x86.Build.0 = Debug|x86
		{C8F16CBB-6F92-4B14-B5BC-CF6F854A58B4}.Debug|x86.Deploy.0 = Debug|x86
		{C8F16CBB-6F92-4B14-B5BC-CF6F854A58B4}.Release|Any CPU.ActiveCfg = Release|x86
		{C8F16CBB-6F92-4B14-B5BC-CF6F854A58B4}.Release|ARM.ActiveCfg = Release|ARM
		{C8F16CBB-6F92-4B14-B5BC-CF6F854A58B4}.Release|ARM.Build.0 = Release|ARM
		{C8F16CBB-6F92-4B14-B5BC-CF6F854A58B4}.Release|ARM.Deploy.0 = Release|ARM
		{C8F16CBB-6F92-4B14-B5BC-CF6F854A58B4}.Release|ARM64.ActiveCfg = Release|ARM64
		{C8F16CBB-6F92-4B14-B5BC-CF6F854A58B4}.Release|ARM64.Build.0 = Release|ARM64
		{C8F16CBB-6F92-4B14-B5BC-CF6F854A58B4}.Release|ARM64.Deploy.0 = Release|ARM64
		{C8F16CBB-6F92-4B14-B5BC-CF6F854A58B4}.Release|x64.ActiveCfg = Release|x64
		{C8F16CBB-6F92-4B14-B5BC-CF6F854A58B4}.Release|x64.Build.0 = Release|x64
		{C8F16CBB-6F92-4B14-B5BC-CF6F854A58B4}.Release|x64.Deploy.0 = Release|x64
		{C8F16CBB-6F92-4B14-B5BC-CF6F854A58B4}.Release|x86.ActiveCfg = Release|x86
		{C8F16CBB-6F92-4B14-B5BC-CF6F854A58B4}.Release|x86.Build.0 = Release|x86
		{C8F16CBB-6F92-4B14-B5BC-CF6F854A58B4}.Release|x86.Deploy.0 = Release|x86
		{4A868A0E-0FF3-4703-95C2-B71BBBAE5255}.Debug|Any CPU.ActiveCfg = Debug|Any CPU
		{4A868A0E-0FF3-4703-95C2-B71BBBAE5255}.Debug|Any CPU.Build.0 = Debug|Any CPU
		{4A868A0E-0FF3-4703-95C2-B71BBBAE5255}.Debug|ARM.ActiveCfg = Debug|Any CPU
		{4A868A0E-0FF3-4703-95C2-B71BBBAE5255}.Debug|ARM.Build.0 = Debug|Any CPU
		{4A868A0E-0FF3-4703-95C2-B71BBBAE5255}.Debug|ARM64.ActiveCfg = Debug|Any CPU
		{4A868A0E-0FF3-4703-95C2-B71BBBAE5255}.Debug|ARM64.Build.0 = Debug|Any CPU
		{4A868A0E-0FF3-4703-95C2-B71BBBAE5255}.Debug|x64.ActiveCfg = Debug|Any CPU
		{4A868A0E-0FF3-4703-95C2-B71BBBAE5255}.Debug|x64.Build.0 = Debug|Any CPU
		{4A868A0E-0FF3-4703-95C2-B71BBBAE5255}.Debug|x86.ActiveCfg = Debug|Any CPU
		{4A868A0E-0FF3-4703-95C2-B71BBBAE5255}.Debug|x86.Build.0 = Debug|Any CPU
		{4A868A0E-0FF3-4703-95C2-B71BBBAE5255}.Release|Any CPU.ActiveCfg = Release|Any CPU
		{4A868A0E-0FF3-4703-95C2-B71BBBAE5255}.Release|Any CPU.Build.0 = Release|Any CPU
		{4A868A0E-0FF3-4703-95C2-B71BBBAE5255}.Release|ARM.ActiveCfg = Release|Any CPU
		{4A868A0E-0FF3-4703-95C2-B71BBBAE5255}.Release|ARM.Build.0 = Release|Any CPU
		{4A868A0E-0FF3-4703-95C2-B71BBBAE5255}.Release|ARM64.ActiveCfg = Release|Any CPU
		{4A868A0E-0FF3-4703-95C2-B71BBBAE5255}.Release|ARM64.Build.0 = Release|Any CPU
		{4A868A0E-0FF3-4703-95C2-B71BBBAE5255}.Release|x64.ActiveCfg = Release|Any CPU
		{4A868A0E-0FF3-4703-95C2-B71BBBAE5255}.Release|x64.Build.0 = Release|Any CPU
		{4A868A0E-0FF3-4703-95C2-B71BBBAE5255}.Release|x86.ActiveCfg = Release|Any CPU
		{4A868A0E-0FF3-4703-95C2-B71BBBAE5255}.Release|x86.Build.0 = Release|Any CPU
		{140F3B1D-B538-42B6-95B8-BC7A8DBC9388}.Debug|Any CPU.ActiveCfg = Debug|Any CPU
		{140F3B1D-B538-42B6-95B8-BC7A8DBC9388}.Debug|Any CPU.Build.0 = Debug|Any CPU
		{140F3B1D-B538-42B6-95B8-BC7A8DBC9388}.Debug|ARM.ActiveCfg = Debug|Any CPU
		{140F3B1D-B538-42B6-95B8-BC7A8DBC9388}.Debug|ARM.Build.0 = Debug|Any CPU
		{140F3B1D-B538-42B6-95B8-BC7A8DBC9388}.Debug|ARM64.ActiveCfg = Debug|Any CPU
		{140F3B1D-B538-42B6-95B8-BC7A8DBC9388}.Debug|ARM64.Build.0 = Debug|Any CPU
		{140F3B1D-B538-42B6-95B8-BC7A8DBC9388}.Debug|x64.ActiveCfg = Debug|Any CPU
		{140F3B1D-B538-42B6-95B8-BC7A8DBC9388}.Debug|x64.Build.0 = Debug|Any CPU
		{140F3B1D-B538-42B6-95B8-BC7A8DBC9388}.Debug|x86.ActiveCfg = Debug|Any CPU
		{140F3B1D-B538-42B6-95B8-BC7A8DBC9388}.Debug|x86.Build.0 = Debug|Any CPU
		{140F3B1D-B538-42B6-95B8-BC7A8DBC9388}.Release|Any CPU.ActiveCfg = Release|Any CPU
		{140F3B1D-B538-42B6-95B8-BC7A8DBC9388}.Release|Any CPU.Build.0 = Release|Any CPU
		{140F3B1D-B538-42B6-95B8-BC7A8DBC9388}.Release|ARM.ActiveCfg = Release|Any CPU
		{140F3B1D-B538-42B6-95B8-BC7A8DBC9388}.Release|ARM.Build.0 = Release|Any CPU
		{140F3B1D-B538-42B6-95B8-BC7A8DBC9388}.Release|ARM64.ActiveCfg = Release|Any CPU
		{140F3B1D-B538-42B6-95B8-BC7A8DBC9388}.Release|ARM64.Build.0 = Release|Any CPU
		{140F3B1D-B538-42B6-95B8-BC7A8DBC9388}.Release|x64.ActiveCfg = Release|Any CPU
		{140F3B1D-B538-42B6-95B8-BC7A8DBC9388}.Release|x64.Build.0 = Release|Any CPU
		{140F3B1D-B538-42B6-95B8-BC7A8DBC9388}.Release|x86.ActiveCfg = Release|Any CPU
		{140F3B1D-B538-42B6-95B8-BC7A8DBC9388}.Release|x86.Build.0 = Release|Any CPU
		{FCC57868-1454-4F1A-B4DE-DB961BF90932}.Debug|Any CPU.ActiveCfg = Debug|Any CPU
		{FCC57868-1454-4F1A-B4DE-DB961BF90932}.Debug|Any CPU.Build.0 = Debug|Any CPU
		{FCC57868-1454-4F1A-B4DE-DB961BF90932}.Debug|ARM.ActiveCfg = Debug|ARM
		{FCC57868-1454-4F1A-B4DE-DB961BF90932}.Debug|ARM.Build.0 = Debug|ARM
		{FCC57868-1454-4F1A-B4DE-DB961BF90932}.Debug|ARM64.ActiveCfg = Debug|ARM64
		{FCC57868-1454-4F1A-B4DE-DB961BF90932}.Debug|ARM64.Build.0 = Debug|ARM64
		{FCC57868-1454-4F1A-B4DE-DB961BF90932}.Debug|x64.ActiveCfg = Debug|x64
		{FCC57868-1454-4F1A-B4DE-DB961BF90932}.Debug|x64.Build.0 = Debug|x64
		{FCC57868-1454-4F1A-B4DE-DB961BF90932}.Debug|x86.ActiveCfg = Debug|x86
		{FCC57868-1454-4F1A-B4DE-DB961BF90932}.Debug|x86.Build.0 = Debug|x86
		{FCC57868-1454-4F1A-B4DE-DB961BF90932}.Release|Any CPU.ActiveCfg = Release|Any CPU
		{FCC57868-1454-4F1A-B4DE-DB961BF90932}.Release|Any CPU.Build.0 = Release|Any CPU
		{FCC57868-1454-4F1A-B4DE-DB961BF90932}.Release|ARM.ActiveCfg = Release|ARM
		{FCC57868-1454-4F1A-B4DE-DB961BF90932}.Release|ARM.Build.0 = Release|ARM
		{FCC57868-1454-4F1A-B4DE-DB961BF90932}.Release|ARM64.ActiveCfg = Release|ARM64
		{FCC57868-1454-4F1A-B4DE-DB961BF90932}.Release|ARM64.Build.0 = Release|ARM64
		{FCC57868-1454-4F1A-B4DE-DB961BF90932}.Release|x64.ActiveCfg = Release|x64
		{FCC57868-1454-4F1A-B4DE-DB961BF90932}.Release|x64.Build.0 = Release|x64
		{FCC57868-1454-4F1A-B4DE-DB961BF90932}.Release|x86.ActiveCfg = Release|x86
		{FCC57868-1454-4F1A-B4DE-DB961BF90932}.Release|x86.Build.0 = Release|x86
	EndGlobalSection
	GlobalSection(SolutionProperties) = preSolution
		HideSolutionNode = FALSE
	EndGlobalSection
	GlobalSection(ExtensibilityGlobals) = postSolution
		SolutionGuid = {DCBF5ADF-BD2F-4D64-9C07-8CC413648EA2}
	EndGlobalSection
EndGlobal
